// !$*UTF8*$!
{
	archiveVersion = 1;
	classes = {
	};
	objectVersion = 50;
	objects = {

/* Begin PBXBuildFile section */
		E507AB9521333B3E000D5E4D /* HapticEngine.swift in Sources */ = {isa = PBXBuildFile; fileRef = E507AB9421333B3E000D5E4D /* HapticEngine.swift */; };
		E512151920FE74940073D4E4 /* AppDelegate.swift in Sources */ = {isa = PBXBuildFile; fileRef = E512151820FE74940073D4E4 /* AppDelegate.swift */; };
		E512151E20FE74940073D4E4 /* Main.storyboard in Resources */ = {isa = PBXBuildFile; fileRef = E512151C20FE74940073D4E4 /* Main.storyboard */; };
		E512152020FE74950073D4E4 /* Assets.xcassets in Resources */ = {isa = PBXBuildFile; fileRef = E512151F20FE74950073D4E4 /* Assets.xcassets */; };
		E512152320FE74950073D4E4 /* LaunchScreen.storyboard in Resources */ = {isa = PBXBuildFile; fileRef = E512152120FE74950073D4E4 /* LaunchScreen.storyboard */; };
		E512152B20FE76270073D4E4 /* PasswordGeneratorViewController.swift in Sources */ = {isa = PBXBuildFile; fileRef = E512152A20FE76270073D4E4 /* PasswordGeneratorViewController.swift */; };
		E512152F20FE786B0073D4E4 /* PasswordGenerator.swift in Sources */ = {isa = PBXBuildFile; fileRef = E512152E20FE786B0073D4E4 /* PasswordGenerator.swift */; };
		E528F005212F249F0007FEF7 /* PasswordLabelViewModel.swift in Sources */ = {isa = PBXBuildFile; fileRef = E528F004212F249F0007FEF7 /* PasswordLabelViewModel.swift */; };
		E558546C210925D6007E5B37 /* PasswordAttributeSwitch.swift in Sources */ = {isa = PBXBuildFile; fileRef = E558546B210925D6007E5B37 /* PasswordAttributeSwitch.swift */; };
		E5621193218B6DE100F2928F /* UIView+Utils.swift in Sources */ = {isa = PBXBuildFile; fileRef = E5621192218B6DE100F2928F /* UIView+Utils.swift */; };
		E591EDF822FF70CD00820231 /* PasswordLabelViewModelTests.swift in Sources */ = {isa = PBXBuildFile; fileRef = E591EDF722FF70CD00820231 /* PasswordLabelViewModelTests.swift */; };
		E59CDBBC2202893C007DC84E /* Constants.swift in Sources */ = {isa = PBXBuildFile; fileRef = E59CDBBB2202893C007DC84E /* Constants.swift */; };
		E5D89757225959DB00426AB1 /* PasswordGeneratorUnitTests.swift in Sources */ = {isa = PBXBuildFile; fileRef = E5D89756225959DB00426AB1 /* PasswordGeneratorUnitTests.swift */; };
		E5F04346211F8D9100952E72 /* PasswordCharacterSet.swift in Sources */ = {isa = PBXBuildFile; fileRef = E5F04345211F8D9100952E72 /* PasswordCharacterSet.swift */; };
/* End PBXBuildFile section */

/* Begin PBXContainerItemProxy section */
		E56DBC3E21901641001D66AD /* PBXContainerItemProxy */ = {
			isa = PBXContainerItemProxy;
			containerPortal = E512150D20FE74940073D4E4 /* Project object */;
			proxyType = 1;
			remoteGlobalIDString = E512151420FE74940073D4E4;
			remoteInfo = NewPass;
		};
/* End PBXContainerItemProxy section */

/* Begin PBXFileReference section */
		E507AB9421333B3E000D5E4D /* HapticEngine.swift */ = {isa = PBXFileReference; lastKnownFileType = sourcecode.swift; path = HapticEngine.swift; sourceTree = "<group>"; };
		E512151520FE74940073D4E4 /* NewPass.app */ = {isa = PBXFileReference; explicitFileType = wrapper.application; includeInIndex = 0; path = NewPass.app; sourceTree = BUILT_PRODUCTS_DIR; };
		E512151820FE74940073D4E4 /* AppDelegate.swift */ = {isa = PBXFileReference; lastKnownFileType = sourcecode.swift; path = AppDelegate.swift; sourceTree = "<group>"; };
		E512151D20FE74940073D4E4 /* Base */ = {isa = PBXFileReference; lastKnownFileType = file.storyboard; name = Base; path = Base.lproj/Main.storyboard; sourceTree = "<group>"; };
		E512151F20FE74950073D4E4 /* Assets.xcassets */ = {isa = PBXFileReference; lastKnownFileType = folder.assetcatalog; path = Assets.xcassets; sourceTree = "<group>"; };
		E512152220FE74950073D4E4 /* Base */ = {isa = PBXFileReference; lastKnownFileType = file.storyboard; name = Base; path = Base.lproj/LaunchScreen.storyboard; sourceTree = "<group>"; };
		E512152420FE74950073D4E4 /* Info.plist */ = {isa = PBXFileReference; lastKnownFileType = text.plist.xml; path = Info.plist; sourceTree = "<group>"; };
		E512152A20FE76270073D4E4 /* PasswordGeneratorViewController.swift */ = {isa = PBXFileReference; lastKnownFileType = sourcecode.swift; path = PasswordGeneratorViewController.swift; sourceTree = "<group>"; };
		E512152E20FE786B0073D4E4 /* PasswordGenerator.swift */ = {isa = PBXFileReference; lastKnownFileType = sourcecode.swift; path = PasswordGenerator.swift; sourceTree = "<group>"; };
		E528F004212F249F0007FEF7 /* PasswordLabelViewModel.swift */ = {isa = PBXFileReference; lastKnownFileType = sourcecode.swift; path = PasswordLabelViewModel.swift; sourceTree = "<group>"; };
		E558546B210925D6007E5B37 /* PasswordAttributeSwitch.swift */ = {isa = PBXFileReference; lastKnownFileType = sourcecode.swift; path = PasswordAttributeSwitch.swift; sourceTree = "<group>"; };
		E5621192218B6DE100F2928F /* UIView+Utils.swift */ = {isa = PBXFileReference; lastKnownFileType = sourcecode.swift; path = "UIView+Utils.swift"; sourceTree = "<group>"; };
		E56DBC3921901641001D66AD /* NewPassTests.xctest */ = {isa = PBXFileReference; explicitFileType = wrapper.cfbundle; includeInIndex = 0; path = NewPassTests.xctest; sourceTree = BUILT_PRODUCTS_DIR; };
		E56DBC3D21901641001D66AD /* Info.plist */ = {isa = PBXFileReference; lastKnownFileType = text.plist.xml; path = Info.plist; sourceTree = "<group>"; };
		E591EDF722FF70CD00820231 /* PasswordLabelViewModelTests.swift */ = {isa = PBXFileReference; lastKnownFileType = sourcecode.swift; path = PasswordLabelViewModelTests.swift; sourceTree = "<group>"; };
		E59CDBBB2202893C007DC84E /* Constants.swift */ = {isa = PBXFileReference; lastKnownFileType = sourcecode.swift; path = Constants.swift; sourceTree = "<group>"; };
		E5D89756225959DB00426AB1 /* PasswordGeneratorUnitTests.swift */ = {isa = PBXFileReference; lastKnownFileType = sourcecode.swift; path = PasswordGeneratorUnitTests.swift; sourceTree = "<group>"; };
		E5F04345211F8D9100952E72 /* PasswordCharacterSet.swift */ = {isa = PBXFileReference; lastKnownFileType = sourcecode.swift; path = PasswordCharacterSet.swift; sourceTree = "<group>"; };
/* End PBXFileReference section */

/* Begin PBXFrameworksBuildPhase section */
		E512151220FE74940073D4E4 /* Frameworks */ = {
			isa = PBXFrameworksBuildPhase;
			buildActionMask = 2147483647;
			files = (
			);
			runOnlyForDeploymentPostprocessing = 0;
		};
		E56DBC3621901641001D66AD /* Frameworks */ = {
			isa = PBXFrameworksBuildPhase;
			buildActionMask = 2147483647;
			files = (
			);
			runOnlyForDeploymentPostprocessing = 0;
		};
/* End PBXFrameworksBuildPhase section */

/* Begin PBXGroup section */
		E512150C20FE74940073D4E4 = {
			isa = PBXGroup;
			children = (
				E512151720FE74940073D4E4 /* NewPass */,
				E56DBC3A21901641001D66AD /* NewPassTests */,
				E512151620FE74940073D4E4 /* Products */,
			);
			sourceTree = "<group>";
		};
		E512151620FE74940073D4E4 /* Products */ = {
			isa = PBXGroup;
			children = (
				E512151520FE74940073D4E4 /* NewPass.app */,
				E56DBC3921901641001D66AD /* NewPassTests.xctest */,
			);
			name = Products;
			sourceTree = "<group>";
		};
		E512151720FE74940073D4E4 /* NewPass */ = {
			isa = PBXGroup;
			children = (
				E512151820FE74940073D4E4 /* AppDelegate.swift */,
				E59CDBBB2202893C007DC84E /* Constants.swift */,
				E558546B210925D6007E5B37 /* PasswordAttributeSwitch.swift */,
				E5F04345211F8D9100952E72 /* PasswordCharacterSet.swift */,
				E512152E20FE786B0073D4E4 /* PasswordGenerator.swift */,
				E512152A20FE76270073D4E4 /* PasswordGeneratorViewController.swift */,
				E528F004212F249F0007FEF7 /* PasswordLabelViewModel.swift */,
				E507AB9421333B3E000D5E4D /* HapticEngine.swift */,
				E5621191218B6DB700F2928F /* Extensions */,
				E512151C20FE74940073D4E4 /* Main.storyboard */,
				E512151F20FE74950073D4E4 /* Assets.xcassets */,
				E512152120FE74950073D4E4 /* LaunchScreen.storyboard */,
				E512152420FE74950073D4E4 /* Info.plist */,
			);
			path = NewPass;
			sourceTree = "<group>";
		};
		E5621191218B6DB700F2928F /* Extensions */ = {
			isa = PBXGroup;
			children = (
				E5621192218B6DE100F2928F /* UIView+Utils.swift */,
			);
			path = Extensions;
			sourceTree = "<group>";
		};
		E56DBC3A21901641001D66AD /* NewPassTests */ = {
			isa = PBXGroup;
			children = (
				E5D89755225958C300426AB1 /* UnitTests */,
				E56DBC3D21901641001D66AD /* Info.plist */,
			);
			path = NewPassTests;
			sourceTree = "<group>";
		};
		E5D89755225958C300426AB1 /* UnitTests */ = {
			isa = PBXGroup;
			children = (
				E5D89756225959DB00426AB1 /* PasswordGeneratorUnitTests.swift */,
				E591EDF722FF70CD00820231 /* PasswordLabelViewModelTests.swift */,
			);
			path = UnitTests;
			sourceTree = "<group>";
		};
/* End PBXGroup section */

/* Begin PBXNativeTarget section */
		E512151420FE74940073D4E4 /* NewPass */ = {
			isa = PBXNativeTarget;
			buildConfigurationList = E512152720FE74950073D4E4 /* Build configuration list for PBXNativeTarget "NewPass" */;
			buildPhases = (
				E512151120FE74940073D4E4 /* Sources */,
				E512151220FE74940073D4E4 /* Frameworks */,
				E512151320FE74940073D4E4 /* Resources */,
			);
			buildRules = (
			);
			dependencies = (
			);
			name = NewPass;
			productName = PasswordGenerator;
			productReference = E512151520FE74940073D4E4 /* NewPass.app */;
			productType = "com.apple.product-type.application";
		};
		E56DBC3821901641001D66AD /* NewPassTests */ = {
			isa = PBXNativeTarget;
			buildConfigurationList = E56DBC4221901641001D66AD /* Build configuration list for PBXNativeTarget "NewPassTests" */;
			buildPhases = (
				E56DBC3521901641001D66AD /* Sources */,
				E56DBC3621901641001D66AD /* Frameworks */,
				E56DBC3721901641001D66AD /* Resources */,
			);
			buildRules = (
			);
			dependencies = (
				E56DBC3F21901641001D66AD /* PBXTargetDependency */,
			);
			name = NewPassTests;
			productName = NewPassTests;
			productReference = E56DBC3921901641001D66AD /* NewPassTests.xctest */;
			productType = "com.apple.product-type.bundle.unit-test";
		};
/* End PBXNativeTarget section */

/* Begin PBXProject section */
		E512150D20FE74940073D4E4 /* Project object */ = {
			isa = PBXProject;
			attributes = {
				LastSwiftUpdateCheck = 1010;
				LastUpgradeCheck = 0940;
				ORGANIZATIONNAME = "Addison Francisco";
				TargetAttributes = {
					E512151420FE74940073D4E4 = {
						CreatedOnToolsVersion = 9.4.1;
						LastSwiftMigration = 1000;
					};
					E56DBC3821901641001D66AD = {
						CreatedOnToolsVersion = 10.1;
						TestTargetID = E512151420FE74940073D4E4;
					};
				};
			};
			buildConfigurationList = E512151020FE74940073D4E4 /* Build configuration list for PBXProject "NewPass" */;
			compatibilityVersion = "Xcode 9.3";
			developmentRegion = en;
			hasScannedForEncodings = 0;
			knownRegions = (
				en,
				Base,
			);
			mainGroup = E512150C20FE74940073D4E4;
			productRefGroup = E512151620FE74940073D4E4 /* Products */;
			projectDirPath = "";
			projectRoot = "";
			targets = (
				E512151420FE74940073D4E4 /* NewPass */,
				E56DBC3821901641001D66AD /* NewPassTests */,
			);
		};
/* End PBXProject section */

/* Begin PBXResourcesBuildPhase section */
		E512151320FE74940073D4E4 /* Resources */ = {
			isa = PBXResourcesBuildPhase;
			buildActionMask = 2147483647;
			files = (
				E512152320FE74950073D4E4 /* LaunchScreen.storyboard in Resources */,
				E512152020FE74950073D4E4 /* Assets.xcassets in Resources */,
				E512151E20FE74940073D4E4 /* Main.storyboard in Resources */,
			);
			runOnlyForDeploymentPostprocessing = 0;
		};
		E56DBC3721901641001D66AD /* Resources */ = {
			isa = PBXResourcesBuildPhase;
			buildActionMask = 2147483647;
			files = (
			);
			runOnlyForDeploymentPostprocessing = 0;
		};
/* End PBXResourcesBuildPhase section */

/* Begin PBXSourcesBuildPhase section */
		E512151120FE74940073D4E4 /* Sources */ = {
			isa = PBXSourcesBuildPhase;
			buildActionMask = 2147483647;
			files = (
				E558546C210925D6007E5B37 /* PasswordAttributeSwitch.swift in Sources */,
				E512152F20FE786B0073D4E4 /* PasswordGenerator.swift in Sources */,
				E512152B20FE76270073D4E4 /* PasswordGeneratorViewController.swift in Sources */,
				E507AB9521333B3E000D5E4D /* HapticEngine.swift in Sources */,
				E512151920FE74940073D4E4 /* AppDelegate.swift in Sources */,
				E5F04346211F8D9100952E72 /* PasswordCharacterSet.swift in Sources */,
				E5621193218B6DE100F2928F /* UIView+Utils.swift in Sources */,
				E528F005212F249F0007FEF7 /* PasswordLabelViewModel.swift in Sources */,
				E59CDBBC2202893C007DC84E /* Constants.swift in Sources */,
			);
			runOnlyForDeploymentPostprocessing = 0;
		};
		E56DBC3521901641001D66AD /* Sources */ = {
			isa = PBXSourcesBuildPhase;
			buildActionMask = 2147483647;
			files = (
				E5D89757225959DB00426AB1 /* PasswordGeneratorUnitTests.swift in Sources */,
				E591EDF822FF70CD00820231 /* PasswordLabelViewModelTests.swift in Sources */,
			);
			runOnlyForDeploymentPostprocessing = 0;
		};
/* End PBXSourcesBuildPhase section */

/* Begin PBXTargetDependency section */
		E56DBC3F21901641001D66AD /* PBXTargetDependency */ = {
			isa = PBXTargetDependency;
			target = E512151420FE74940073D4E4 /* NewPass */;
			targetProxy = E56DBC3E21901641001D66AD /* PBXContainerItemProxy */;
		};
/* End PBXTargetDependency section */

/* Begin PBXVariantGroup section */
		E512151C20FE74940073D4E4 /* Main.storyboard */ = {
			isa = PBXVariantGroup;
			children = (
				E512151D20FE74940073D4E4 /* Base */,
			);
			name = Main.storyboard;
			sourceTree = "<group>";
		};
		E512152120FE74950073D4E4 /* LaunchScreen.storyboard */ = {
			isa = PBXVariantGroup;
			children = (
				E512152220FE74950073D4E4 /* Base */,
			);
			name = LaunchScreen.storyboard;
			sourceTree = "<group>";
		};
/* End PBXVariantGroup section */

/* Begin XCBuildConfiguration section */
		E512152520FE74950073D4E4 /* Debug */ = {
			isa = XCBuildConfiguration;
			buildSettings = {
				ALWAYS_SEARCH_USER_PATHS = NO;
				CLANG_ANALYZER_NONNULL = YES;
				CLANG_ANALYZER_NUMBER_OBJECT_CONVERSION = YES_AGGRESSIVE;
				CLANG_CXX_LANGUAGE_STANDARD = "gnu++14";
				CLANG_CXX_LIBRARY = "libc++";
				CLANG_ENABLE_MODULES = YES;
				CLANG_ENABLE_OBJC_ARC = YES;
				CLANG_ENABLE_OBJC_WEAK = YES;
				CLANG_WARN_BLOCK_CAPTURE_AUTORELEASING = YES;
				CLANG_WARN_BOOL_CONVERSION = YES;
				CLANG_WARN_COMMA = YES;
				CLANG_WARN_CONSTANT_CONVERSION = YES;
				CLANG_WARN_DEPRECATED_OBJC_IMPLEMENTATIONS = YES;
				CLANG_WARN_DIRECT_OBJC_ISA_USAGE = YES_ERROR;
				CLANG_WARN_DOCUMENTATION_COMMENTS = YES;
				CLANG_WARN_EMPTY_BODY = YES;
				CLANG_WARN_ENUM_CONVERSION = YES;
				CLANG_WARN_INFINITE_RECURSION = YES;
				CLANG_WARN_INT_CONVERSION = YES;
				CLANG_WARN_NON_LITERAL_NULL_CONVERSION = YES;
				CLANG_WARN_OBJC_IMPLICIT_RETAIN_SELF = YES;
				CLANG_WARN_OBJC_LITERAL_CONVERSION = YES;
				CLANG_WARN_OBJC_ROOT_CLASS = YES_ERROR;
				CLANG_WARN_RANGE_LOOP_ANALYSIS = YES;
				CLANG_WARN_STRICT_PROTOTYPES = YES;
				CLANG_WARN_SUSPICIOUS_MOVE = YES;
				CLANG_WARN_UNGUARDED_AVAILABILITY = YES_AGGRESSIVE;
				CLANG_WARN_UNREACHABLE_CODE = YES;
				CLANG_WARN__DUPLICATE_METHOD_MATCH = YES;
				CODE_SIGN_IDENTITY = "iPhone Developer";
				COPY_PHASE_STRIP = NO;
				DEBUG_INFORMATION_FORMAT = dwarf;
				ENABLE_STRICT_OBJC_MSGSEND = YES;
				ENABLE_TESTABILITY = YES;
				GCC_C_LANGUAGE_STANDARD = gnu11;
				GCC_DYNAMIC_NO_PIC = NO;
				GCC_NO_COMMON_BLOCKS = YES;
				GCC_OPTIMIZATION_LEVEL = 0;
				GCC_PREPROCESSOR_DEFINITIONS = (
					"DEBUG=1",
					"$(inherited)",
				);
				GCC_WARN_64_TO_32_BIT_CONVERSION = YES;
				GCC_WARN_ABOUT_RETURN_TYPE = YES_ERROR;
				GCC_WARN_UNDECLARED_SELECTOR = YES;
				GCC_WARN_UNINITIALIZED_AUTOS = YES_AGGRESSIVE;
				GCC_WARN_UNUSED_FUNCTION = YES;
				GCC_WARN_UNUSED_VARIABLE = YES;
				IPHONEOS_DEPLOYMENT_TARGET = 11.4;
				MTL_ENABLE_DEBUG_INFO = YES;
				ONLY_ACTIVE_ARCH = YES;
				SDKROOT = iphoneos;
				SWIFT_ACTIVE_COMPILATION_CONDITIONS = DEBUG;
				SWIFT_OPTIMIZATION_LEVEL = "-Onone";
			};
			name = Debug;
		};
		E512152620FE74950073D4E4 /* Release */ = {
			isa = XCBuildConfiguration;
			buildSettings = {
				ALWAYS_SEARCH_USER_PATHS = NO;
				CLANG_ANALYZER_NONNULL = YES;
				CLANG_ANALYZER_NUMBER_OBJECT_CONVERSION = YES_AGGRESSIVE;
				CLANG_CXX_LANGUAGE_STANDARD = "gnu++14";
				CLANG_CXX_LIBRARY = "libc++";
				CLANG_ENABLE_MODULES = YES;
				CLANG_ENABLE_OBJC_ARC = YES;
				CLANG_ENABLE_OBJC_WEAK = YES;
				CLANG_WARN_BLOCK_CAPTURE_AUTORELEASING = YES;
				CLANG_WARN_BOOL_CONVERSION = YES;
				CLANG_WARN_COMMA = YES;
				CLANG_WARN_CONSTANT_CONVERSION = YES;
				CLANG_WARN_DEPRECATED_OBJC_IMPLEMENTATIONS = YES;
				CLANG_WARN_DIRECT_OBJC_ISA_USAGE = YES_ERROR;
				CLANG_WARN_DOCUMENTATION_COMMENTS = YES;
				CLANG_WARN_EMPTY_BODY = YES;
				CLANG_WARN_ENUM_CONVERSION = YES;
				CLANG_WARN_INFINITE_RECURSION = YES;
				CLANG_WARN_INT_CONVERSION = YES;
				CLANG_WARN_NON_LITERAL_NULL_CONVERSION = YES;
				CLANG_WARN_OBJC_IMPLICIT_RETAIN_SELF = YES;
				CLANG_WARN_OBJC_LITERAL_CONVERSION = YES;
				CLANG_WARN_OBJC_ROOT_CLASS = YES_ERROR;
				CLANG_WARN_RANGE_LOOP_ANALYSIS = YES;
				CLANG_WARN_STRICT_PROTOTYPES = YES;
				CLANG_WARN_SUSPICIOUS_MOVE = YES;
				CLANG_WARN_UNGUARDED_AVAILABILITY = YES_AGGRESSIVE;
				CLANG_WARN_UNREACHABLE_CODE = YES;
				CLANG_WARN__DUPLICATE_METHOD_MATCH = YES;
				CODE_SIGN_IDENTITY = "iPhone Developer";
				COPY_PHASE_STRIP = NO;
				DEBUG_INFORMATION_FORMAT = "dwarf-with-dsym";
				ENABLE_NS_ASSERTIONS = NO;
				ENABLE_STRICT_OBJC_MSGSEND = YES;
				GCC_C_LANGUAGE_STANDARD = gnu11;
				GCC_NO_COMMON_BLOCKS = YES;
				GCC_WARN_64_TO_32_BIT_CONVERSION = YES;
				GCC_WARN_ABOUT_RETURN_TYPE = YES_ERROR;
				GCC_WARN_UNDECLARED_SELECTOR = YES;
				GCC_WARN_UNINITIALIZED_AUTOS = YES_AGGRESSIVE;
				GCC_WARN_UNUSED_FUNCTION = YES;
				GCC_WARN_UNUSED_VARIABLE = YES;
				IPHONEOS_DEPLOYMENT_TARGET = 11.4;
				MTL_ENABLE_DEBUG_INFO = NO;
				SDKROOT = iphoneos;
				SWIFT_COMPILATION_MODE = wholemodule;
				SWIFT_OPTIMIZATION_LEVEL = "-O";
				VALIDATE_PRODUCT = YES;
			};
			name = Release;
		};
		E512152820FE74950073D4E4 /* Debug */ = {
			isa = XCBuildConfiguration;
			buildSettings = {
				ASSETCATALOG_COMPILER_APPICON_NAME = AppIcon;
				CLANG_ENABLE_MODULES = YES;
				CODE_SIGN_IDENTITY = "iPhone Developer: Addison Francisco (RXSU9NYHLN)";
				CODE_SIGN_STYLE = Manual;
				DEVELOPMENT_TEAM = FK4RW7EF3V;
				INFOPLIST_FILE = NewPass/Info.plist;
				IPHONEOS_DEPLOYMENT_TARGET = 11.0;
				LD_RUNPATH_SEARCH_PATHS = (
					"$(inherited)",
					"@executable_path/Frameworks",
				);
				PRODUCT_BUNDLE_IDENTIFIER = com.addmancorp.NewPass;
				PRODUCT_NAME = "$(TARGET_NAME)";
				PROVISIONING_PROFILE_SPECIFIER = NewPassDevelopmentProfile;
				SWIFT_OPTIMIZATION_LEVEL = "-Onone";
				SWIFT_VERSION = 4.0;
				TARGETED_DEVICE_FAMILY = 1;
			};
			name = Debug;
		};
		E512152920FE74950073D4E4 /* Release */ = {
			isa = XCBuildConfiguration;
			buildSettings = {
				ASSETCATALOG_COMPILER_APPICON_NAME = AppIcon;
				CLANG_ENABLE_MODULES = YES;
				CODE_SIGN_IDENTITY = "iPhone Distribution: Addison Francisco (FK4RW7EF3V)";
				CODE_SIGN_STYLE = Manual;
				DEVELOPMENT_TEAM = FK4RW7EF3V;
				INFOPLIST_FILE = NewPass/Info.plist;
				IPHONEOS_DEPLOYMENT_TARGET = 11.0;
				LD_RUNPATH_SEARCH_PATHS = (
					"$(inherited)",
					"@executable_path/Frameworks",
				);
				PRODUCT_BUNDLE_IDENTIFIER = com.addmancorp.NewPass;
				PRODUCT_NAME = "$(TARGET_NAME)";
				PROVISIONING_PROFILE_SPECIFIER = NewPassDistributionProfile;
				SWIFT_VERSION = 4.0;
				TARGETED_DEVICE_FAMILY = 1;
			};
			name = Release;
		};
		E56DBC4021901641001D66AD /* Debug */ = {
			isa = XCBuildConfiguration;
			buildSettings = {
				BUNDLE_LOADER = "$(TEST_HOST)";
				CODE_SIGN_STYLE = Automatic;
				DEVELOPMENT_TEAM = FK4RW7EF3V;
				INFOPLIST_FILE = NewPassTests/Info.plist;
				IPHONEOS_DEPLOYMENT_TARGET = 12.1;
				LD_RUNPATH_SEARCH_PATHS = (
					"$(inherited)",
					"@executable_path/Frameworks",
					"@loader_path/Frameworks",
				);
				MTL_ENABLE_DEBUG_INFO = INCLUDE_SOURCE;
				MTL_FAST_MATH = YES;
				PRODUCT_BUNDLE_IDENTIFIER = com.addman.NewPassTests;
				PRODUCT_NAME = "$(TARGET_NAME)";
				SWIFT_VERSION = 4.2;
				TARGETED_DEVICE_FAMILY = "1,2";
				TEST_HOST = "$(BUILT_PRODUCTS_DIR)/NewPass.app/NewPass";
			};
			name = Debug;
		};
		E56DBC4121901641001D66AD /* Release */ = {
			isa = XCBuildConfiguration;
			buildSettings = {
				BUNDLE_LOADER = "$(TEST_HOST)";
				CODE_SIGN_STYLE = Automatic;
				DEVELOPMENT_TEAM = FK4RW7EF3V;
				INFOPLIST_FILE = NewPassTests/Info.plist;
				IPHONEOS_DEPLOYMENT_TARGET = 12.1;
				LD_RUNPATH_SEARCH_PATHS = (
					"$(inherited)",
					"@executable_path/Frameworks",
					"@loader_path/Frameworks",
				);
				MTL_FAST_MATH = YES;
				PRODUCT_BUNDLE_IDENTIFIER = com.addman.NewPassTests;
				PRODUCT_NAME = "$(TARGET_NAME)";
				SWIFT_VERSION = 4.2;
				TARGETED_DEVICE_FAMILY = "1,2";
				TEST_HOST = "$(BUILT_PRODUCTS_DIR)/NewPass.app/NewPass";
			};
			name = Release;
		};
/* End XCBuildConfiguration section */

/* Begin XCConfigurationList section */
		E512151020FE74940073D4E4 /* Build configuration list for PBXProject "NewPass" */ = {
			isa = XCConfigurationList;
			buildConfigurations = (
				E512152520FE74950073D4E4 /* Debug */,
				E512152620FE74950073D4E4 /* Release */,
			);
			defaultConfigurationIsVisible = 0;
			defaultConfigurationName = Release;
		};
		E512152720FE74950073D4E4 /* Build configuration list for PBXNativeTarget "NewPass" */ = {
			isa = XCConfigurationList;
			buildConfigurations = (
				E512152820FE74950073D4E4 /* Debug */,
				E512152920FE74950073D4E4 /* Release */,
			);
			defaultConfigurationIsVisible = 0;
			defaultConfigurationName = Release;
		};
		E56DBC4221901641001D66AD /* Build configuration list for PBXNativeTarget "NewPassTests" */ = {
			isa = XCConfigurationList;
			buildConfigurations = (
				E56DBC4021901641001D66AD /* Debug */,
				E56DBC4121901641001D66AD /* Release */,
			);
			defaultConfigurationIsVisible = 0;
			defaultConfigurationName = Release;
		};
/* End XCConfigurationList section */
	};
	rootObject = E512150D20FE74940073D4E4 /* Project object */;
}
